
Microsoft Visual Studio Solution File, Format Version 12.00
# Visual Studio 14
VisualStudioVersion = 14.0.25123.0
MinimumVisualStudioVersion = 10.0.40219.1
Project("{FAE04EC0-301F-11D3-BF4B-00C04F79EFBC}") = "WebApiPro", "WebApiPro\WebApiPro.csproj", "{1C050549-31BE-450C-AC8D-1EC3A9162BAA}"
EndProject
Project("{FAE04EC0-301F-11D3-BF4B-00C04F79EFBC}") = "MVCProject", "MVCProject\MVCProject.csproj", "{C5DA7FD0-90E6-4D0E-8611-B59DB43C0553}"
EndProject
Global
	GlobalSection(SolutionConfigurationPlatforms) = preSolution
		Debug|Any CPU = Debug|Any CPU
		Release|Any CPU = Release|Any CPU
	EndGlobalSection
	GlobalSection(ProjectConfigurationPlatforms) = postSolution
		{1C050549-31BE-450C-AC8D-1EC3A9162BAA}.Debug|Any CPU.ActiveCfg = Debug|Any CPU
		{1C050549-31BE-450C-AC8D-1EC3A9162BAA}.Debug|Any CPU.Build.0 = Debug|Any CPU
		{1C050549-31BE-450C-AC8D-1EC3A9162BAA}.Release|Any CPU.ActiveCfg = Release|Any CPU
		{1C050549-31BE-450C-AC8D-1EC3A9162BAA}.Release|Any CPU.Build.0 = Release|Any CPU
		{C5DA7FD0-90E6-4D0E-8611-B59DB43C0553}.Debug|Any CPU.ActiveCfg = Debug|Any CPU
		{C5DA7FD0-90E6-4D0E-8611-B59DB43C0553}.Debug|Any CPU.Build.0 = Debug|Any CPU
		{C5DA7FD0-90E6-4D0E-8611-B59DB43C0553}.Release|Any CPU.ActiveCfg = Release|Any CPU
		{C5DA7FD0-90E6-4D0E-8611-B59DB43C0553}.Release|Any CPU.Build.0 = Release|Any CPU
	EndGlobalSection
	GlobalSection(SolutionProperties) = preSolution
		HideSolutionNode = FALSE
	EndGlobalSection
EndGlobal
